
Microsoft Visual Studio Solution File, Format Version 12.00
# Visual Studio Version 16
VisualStudioVersion = 16.0.29503.13
MinimumVisualStudioVersion = 10.0.40219.1
Project("{2150E333-8FDC-42A3-9474-1A3956D46DE8}") = "Solution Items", "Solution Items", "{5ADFFAE9-D1D0-444E-81C5-4DCDA69380BB}"
	ProjectSection(SolutionItems) = preProject
		..\0201.png = ..\0201.png
		..\0201.txt = ..\0201.txt
		..\0202.txt = ..\0202.txt
		..\0202A.png = ..\0202A.png
		..\0202B.png = ..\0202B.png
		..\0203.txt = ..\0203.txt
		..\0203A.png = ..\0203A.png
		..\0203B.png = ..\0203B.png
		..\0204.txt = ..\0204.txt
		..\0204A.png = ..\0204A.png
		..\0204B.png = ..\0204B.png
		..\0205.txt = ..\0205.txt
		..\0205A.png = ..\0205A.png
		..\0205B.png = ..\0205B.png
		..\0206.png = ..\0206.png
		..\0206.txt = ..\0206.txt
		..\0207.png = ..\0207.png
		..\0207.txt = ..\0207.txt
		..\0208.txt = ..\0208.txt
		..\baseball.html = ..\baseball.html
		..\basketball.html = ..\basketball.html
		..\health.html = ..\health.html
		..\index.html = ..\index.html
		..\JavaScript.js = ..\JavaScript.js
		..\logo.png = ..\logo.png
		..\message.html = ..\message.html
		..\reference.html = ..\reference.html
		..\StyleSheet.css = ..\StyleSheet.css
		..\swimming.html = ..\swimming.html
	EndProjectSection
EndProject
Global
	GlobalSection(SolutionProperties) = preSolution
		HideSolutionNode = FALSE
	EndGlobalSection
	GlobalSection(ExtensibilityGlobals) = postSolution
		SolutionGuid = {F8DAD51A-F66B-4E8B-8CA6-35C64967AB59}
	EndGlobalSection
EndGlobal
